// !$*UTF8*$!
{
	archiveVersion = 1;
	classes = {
	};
	objectVersion = 77;
	objects = {

/* Begin PBXContainerItemProxy section */
		8C654B542E2FCFE700C651DE /* PBXContainerItemProxy */ = {
			isa = PBXContainerItemProxy;
			containerPortal = 8C654B3E2E2FCFE500C651DE /* Project object */;
			proxyType = 1;
			remoteGlobalIDString = 8C654B452E2FCFE500C651DE;
			remoteInfo = "masonry layout";
		};
		8C654B5E2E2FCFE700C651DE /* PBXContainerItemProxy */ = {
			isa = PBXContainerItemProxy;
			containerPortal = 8C654B3E2E2FCFE500C651DE /* Project object */;
			proxyType = 1;
			remoteGlobalIDString = 8C654B452E2FCFE500C651DE;
			remoteInfo = "masonry layout";
		};
/* End PBXContainerItemProxy section */

/* Begin PBXFileReference section */
		8C654B462E2FCFE500C651DE /* masonry layout.app */ = {isa = PBXFileReference; explicitFileType = wrapper.application; includeInIndex = 0; path = "masonry layout.app"; sourceTree = BUILT_PRODUCTS_DIR; };
		8C654B532E2FCFE700C651DE /* masonry layoutTests.xctest */ = {isa = PBXFileReference; explicitFileType = wrapper.cfbundle; includeInIndex = 0; path = "masonry layoutTests.xctest"; sourceTree = BUILT_PRODUCTS_DIR; };
		8C654B5D2E2FCFE700C651DE /* masonry layoutUITests.xctest */ = {isa = PBXFileReference; explicitFileType = wrapper.cfbundle; includeInIndex = 0; path = "masonry layoutUITests.xctest"; sourceTree = BUILT_PRODUCTS_DIR; };
/* End PBXFileReference section */

/* Begin PBXFileSystemSynchronizedRootGroup section */
		8C654B482E2FCFE500C651DE /* masonry layout */ = {
			isa = PBXFileSystemSynchronizedRootGroup;
			path = "masonry layout";
			sourceTree = "<group>";
		};
		8C654B562E2FCFE700C651DE /* masonry layoutTests */ = {
			isa = PBXFileSystemSynchronizedRootGroup;
			path = "masonry layoutTests";
			sourceTree = "<group>";
		};
		8C654B602E2FCFE700C651DE /* masonry layoutUITests */ = {
			isa = PBXFileSystemSynchronizedRootGroup;
			path = "masonry layoutUITests";
			sourceTree = "<group>";
		};
/* End PBXFileSystemSynchronizedRootGroup section */

/* Begin PBXFrameworksBuildPhase section */
		8C654B432E2FCFE500C651DE /* Frameworks */ = {
			isa = PBXFrameworksBuildPhase;
			buildActionMask = 2147483647;
			files = (
			);
			runOnlyForDeploymentPostprocessing = 0;
		};
		8C654B502E2FCFE700C651DE /* Frameworks */ = {
			isa = PBXFrameworksBuildPhase;
			buildActionMask = 2147483647;
			files = (
			);
			runOnlyForDeploymentPostprocessing = 0;
		};
		8C654B5A2E2FCFE700C651DE /* Frameworks */ = {
			isa = PBXFrameworksBuildPhase;
			buildActionMask = 2147483647;
			files = (
			);
			runOnlyForDeploymentPostprocessing = 0;
		};
/* End PBXFrameworksBuildPhase section */

/* Begin PBXGroup section */
		8C654B3D2E2FCFE500C651DE = {
			isa = PBXGroup;
			children = (
				8C654B482E2FCFE500C651DE /* masonry layout */,
				8C654B562E2FCFE700C651DE /* masonry layoutTests */,
				8C654B602E2FCFE700C651DE /* masonry layoutUITests */,
				8C654B472E2FCFE500C651DE /* Products */,
			);
			sourceTree = "<group>";
		};
		8C654B472E2FCFE500C651DE /* Products */ = {
			isa = PBXGroup;
			children = (
				8C654B462E2FCFE500C651DE /* masonry layout.app */,
				8C654B532E2FCFE700C651DE /* masonry layoutTests.xctest */,
				8C654B5D2E2FCFE700C651DE /* masonry layoutUITests.xctest */,
			);
			name = Products;
			sourceTree = "<group>";
		};
/* End PBXGroup section */

/* Begin PBXNativeTarget section */
		8C654B452E2FCFE500C651DE /* masonry layout */ = {
			isa = PBXNativeTarget;
			buildConfigurationList = 8C654B672E2FCFE700C651DE /* Build configuration list for PBXNativeTarget "masonry layout" */;
			buildPhases = (
				8C654B422E2FCFE500C651DE /* Sources */,
				8C654B432E2FCFE500C651DE /* Frameworks */,
				8C654B442E2FCFE500C651DE /* Resources */,
			);
			buildRules = (
			);
			dependencies = (
			);
			fileSystemSynchronizedGroups = (
				8C654B482E2FCFE500C651DE /* masonry layout */,
			);
			name = "masonry layout";
			packageProductDependencies = (
			);
			productName = "masonry layout";
			productReference = 8C654B462E2FCFE500C651DE /* masonry layout.app */;
			productType = "com.apple.product-type.application";
		};
		8C654B522E2FCFE700C651DE /* masonry layoutTests */ = {
			isa = PBXNativeTarget;
			buildConfigurationList = 8C654B6A2E2FCFE700C651DE /* Build configuration list for PBXNativeTarget "masonry layoutTests" */;
			buildPhases = (
				8C654B4F2E2FCFE700C651DE /* Sources */,
				8C654B502E2FCFE700C651DE /* Frameworks */,
				8C654B512E2FCFE700C651DE /* Resources */,
			);
			buildRules = (
			);
			dependencies = (
				8C654B552E2FCFE700C651DE /* PBXTargetDependency */,
			);
			fileSystemSynchronizedGroups = (
				8C654B562E2FCFE700C651DE /* masonry layoutTests */,
			);
			name = "masonry layoutTests";
			packageProductDependencies = (
			);
			productName = "masonry layoutTests";
			productReference = 8C654B532E2FCFE700C651DE /* masonry layoutTests.xctest */;
			productType = "com.apple.product-type.bundle.unit-test";
		};
		8C654B5C2E2FCFE700C651DE /* masonry layoutUITests */ = {
			isa = PBXNativeTarget;
			buildConfigurationList = 8C654B6D2E2FCFE700C651DE /* Build configuration list for PBXNativeTarget "masonry layoutUITests" */;
			buildPhases = (
				8C654B592E2FCFE700C651DE /* Sources */,
				8C654B5A2E2FCFE700C651DE /* Frameworks */,
				8C654B5B2E2FCFE700C651DE /* Resources */,
			);
			buildRules = (
			);
			dependencies = (
				8C654B5F2E2FCFE700C651DE /* PBXTargetDependency */,
			);
			fileSystemSynchronizedGroups = (
				8C654B602E2FCFE700C651DE /* masonry layoutUITests */,
			);
			name = "masonry layoutUITests";
			packageProductDependencies = (
			);
			productName = "masonry layoutUITests";
			productReference = 8C654B5D2E2FCFE700C651DE /* masonry layoutUITests.xctest */;
			productType = "com.apple.product-type.bundle.ui-testing";
		};
/* End PBXNativeTarget section */

/* Begin PBXProject section */
		8C654B3E2E2FCFE500C651DE /* Project object */ = {
			isa = PBXProject;
			attributes = {
				BuildIndependentTargetsInParallel = 1;
				LastSwiftUpdateCheck = 1630;
				LastUpgradeCheck = 1630;
				TargetAttributes = {
					8C654B452E2FCFE500C651DE = {
						CreatedOnToolsVersion = 16.3;
					};
					8C654B522E2FCFE700C651DE = {
						CreatedOnToolsVersion = 16.3;
						TestTargetID = 8C654B452E2FCFE500C651DE;
					};
					8C654B5C2E2FCFE700C651DE = {
						CreatedOnToolsVersion = 16.3;
						TestTargetID = 8C654B452E2FCFE500C651DE;
					};
				};
			};
			buildConfigurationList = 8C654B412E2FCFE500C651DE /* Build configuration list for PBXProject "masonry layout" */;
			developmentRegion = en;
			hasScannedForEncodings = 0;
			knownRegions = (
				en,
				Base,
			);
			mainGroup = 8C654B3D2E2FCFE500C651DE;
			minimizedProjectReferenceProxies = 1;
			preferredProjectObjectVersion = 77;
			productRefGroup = 8C654B472E2FCFE500C651DE /* Products */;
			projectDirPath = "";
			projectRoot = "";
			targets = (
				8C654B452E2FCFE500C651DE /* masonry layout */,
				8C654B522E2FCFE700C651DE /* masonry layoutTests */,
				8C654B5C2E2FCFE700C651DE /* masonry layoutUITests */,
			);
		};
/* End PBXProject section */

/* Begin PBXResourcesBuildPhase section */
		8C654B442E2FCFE500C651DE /* Resources */ = {
			isa = PBXResourcesBuildPhase;
			buildActionMask = 2147483647;
			files = (
			);
			runOnlyForDeploymentPostprocessing = 0;
		};
		8C654B512E2FCFE700C651DE /* Resources */ = {
			isa = PBXResourcesBuildPhase;
			buildActionMask = 2147483647;
			files = (
			);
			runOnlyForDeploymentPostprocessing = 0;
		};
		8C654B5B2E2FCFE700C651DE /* Resources */ = {
			isa = PBXResourcesBuildPhase;
			buildActionMask = 2147483647;
			files = (
			);
			runOnlyForDeploymentPostprocessing = 0;
		};
/* End PBXResourcesBuildPhase section */

/* Begin PBXSourcesBuildPhase section */
		8C654B422E2FCFE500C651DE /* Sources */ = {
			isa = PBXSourcesBuildPhase;
			buildActionMask = 2147483647;
			files = (
			);
			runOnlyForDeploymentPostprocessing = 0;
		};
		8C654B4F2E2FCFE700C651DE /* Sources */ = {
			isa = PBXSourcesBuildPhase;
			buildActionMask = 2147483647;
			files = (
			);
			runOnlyForDeploymentPostprocessing = 0;
		};
		8C654B592E2FCFE700C651DE /* Sources */ = {
			isa = PBXSourcesBuildPhase;
			buildActionMask = 2147483647;
			files = (
			);
			runOnlyForDeploymentPostprocessing = 0;
		};
/* End PBXSourcesBuildPhase section */

/* Begin PBXTargetDependency section */
		8C654B552E2FCFE700C651DE /* PBXTargetDependency */ = {
			isa = PBXTargetDependency;
			target = 8C654B452E2FCFE500C651DE /* masonry layout */;
			targetProxy = 8C654B542E2FCFE700C651DE /* PBXContainerItemProxy */;
		};
		8C654B5F2E2FCFE700C651DE /* PBXTargetDependency */ = {
			isa = PBXTargetDependency;
			target = 8C654B452E2FCFE500C651DE /* masonry layout */;
			targetProxy = 8C654B5E2E2FCFE700C651DE /* PBXContainerItemProxy */;
		};
/* End PBXTargetDependency section */

/* Begin XCBuildConfiguration section */
		8C654B652E2FCFE700C651DE /* Debug */ = {
			isa = XCBuildConfiguration;
			buildSettings = {
				ALWAYS_SEARCH_USER_PATHS = NO;
				ASSETCATALOG_COMPILER_GENERATE_SWIFT_ASSET_SYMBOL_EXTENSIONS = YES;
				CLANG_ANALYZER_NONNULL = YES;
				CLANG_ANALYZER_NUMBER_OBJECT_CONVERSION = YES_AGGRESSIVE;
				CLANG_CXX_LANGUAGE_STANDARD = "gnu++20";
				CLANG_ENABLE_MODULES = YES;
				CLANG_ENABLE_OBJC_ARC = YES;
				CLANG_ENABLE_OBJC_WEAK = YES;
				CLANG_WARN_BLOCK_CAPTURE_AUTORELEASING = YES;
				CLANG_WARN_BOOL_CONVERSION = YES;
				CLANG_WARN_COMMA = YES;
				CLANG_WARN_CONSTANT_CONVERSION = YES;
				CLANG_WARN_DEPRECATED_OBJC_IMPLEMENTATIONS = YES;
				CLANG_WARN_DIRECT_OBJC_ISA_USAGE = YES_ERROR;
				CLANG_WARN_DOCUMENTATION_COMMENTS = YES;
				CLANG_WARN_EMPTY_BODY = YES;
				CLANG_WARN_ENUM_CONVERSION = YES;
				CLANG_WARN_INFINITE_RECURSION = YES;
				CLANG_WARN_INT_CONVERSION = YES;
				CLANG_WARN_NON_LITERAL_NULL_CONVERSION = YES;
				CLANG_WARN_OBJC_IMPLICIT_RETAIN_SELF = YES;
				CLANG_WARN_OBJC_LITERAL_CONVERSION = YES;
				CLANG_WARN_OBJC_ROOT_CLASS = YES_ERROR;
				CLANG_WARN_QUOTED_INCLUDE_IN_FRAMEWORK_HEADER = YES;
				CLANG_WARN_RANGE_LOOP_ANALYSIS = YES;
				CLANG_WARN_STRICT_PROTOTYPES = YES;
				CLANG_WARN_SUSPICIOUS_MOVE = YES;
				CLANG_WARN_UNGUARDED_AVAILABILITY = YES_AGGRESSIVE;
				CLANG_WARN_UNREACHABLE_CODE = YES;
				CLANG_WARN__DUPLICATE_METHOD_MATCH = YES;
				COPY_PHASE_STRIP = NO;
				DEBUG_INFORMATION_FORMAT = dwarf;
				DEVELOPMENT_TEAM = J48UCV8X2N;
				ENABLE_STRICT_OBJC_MSGSEND = YES;
				ENABLE_TESTABILITY = YES;
				ENABLE_USER_SCRIPT_SANDBOXING = YES;
				GCC_C_LANGUAGE_STANDARD = gnu17;
				GCC_DYNAMIC_NO_PIC = NO;
				GCC_NO_COMMON_BLOCKS = YES;
				GCC_OPTIMIZATION_LEVEL = 0;
				GCC_PREPROCESSOR_DEFINITIONS = (
					"DEBUG=1",
					"$(inherited)",
				);
				GCC_WARN_64_TO_32_BIT_CONVERSION = YES;
				GCC_WARN_ABOUT_RETURN_TYPE = YES_ERROR;
				GCC_WARN_UNDECLARED_SELECTOR = YES;
				GCC_WARN_UNINITIALIZED_AUTOS = YES_AGGRESSIVE;
				GCC_WARN_UNUSED_FUNCTION = YES;
				GCC_WARN_UNUSED_VARIABLE = YES;
				IPHONEOS_DEPLOYMENT_TARGET = 18.4;
				LOCALIZATION_PREFERS_STRING_CATALOGS = YES;
				MTL_ENABLE_DEBUG_INFO = INCLUDE_SOURCE;
				MTL_FAST_MATH = YES;
				ONLY_ACTIVE_ARCH = YES;
				SDKROOT = iphoneos;
				SWIFT_ACTIVE_COMPILATION_CONDITIONS = "DEBUG $(inherited)";
				SWIFT_OPTIMIZATION_LEVEL = "-Onone";
			};
			name = Debug;
		};
		8C654B662E2FCFE700C651DE /* Release */ = {
			isa = XCBuildConfiguration;
			buildSettings = {
				ALWAYS_SEARCH_USER_PATHS = NO;
				ASSETCATALOG_COMPILER_GENERATE_SWIFT_ASSET_SYMBOL_EXTENSIONS = YES;
				CLANG_ANALYZER_NONNULL = YES;
				CLANG_ANALYZER_NUMBER_OBJECT_CONVERSION = YES_AGGRESSIVE;
				CLANG_CXX_LANGUAGE_STANDARD = "gnu++20";
				CLANG_ENABLE_MODULES = YES;
				CLANG_ENABLE_OBJC_ARC = YES;
				CLANG_ENABLE_OBJC_WEAK = YES;
				CLANG_WARN_BLOCK_CAPTURE_AUTORELEASING = YES;
				CLANG_WARN_BOOL_CONVERSION = YES;
				CLANG_WARN_COMMA = YES;
				CLANG_WARN_CONSTANT_CONVERSION = YES;
				CLANG_WARN_DEPRECATED_OBJC_IMPLEMENTATIONS = YES;
				CLANG_WARN_DIRECT_OBJC_ISA_USAGE = YES_ERROR;
				CLANG_WARN_DOCUMENTATION_COMMENTS = YES;
				CLANG_WARN_EMPTY_BODY = YES;
				CLANG_WARN_ENUM_CONVERSION = YES;
				CLANG_WARN_INFINITE_RECURSION = YES;
				CLANG_WARN_INT_CONVERSION = YES;
				CLANG_WARN_NON_LITERAL_NULL_CONVERSION = YES;
				CLANG_WARN_OBJC_IMPLICIT_RETAIN_SELF = YES;
				CLANG_WARN_OBJC_LITERAL_CONVERSION = YES;
				CLANG_WARN_OBJC_ROOT_CLASS = YES_ERROR;
				CLANG_WARN_QUOTED_INCLUDE_IN_FRAMEWORK_HEADER = YES;
				CLANG_WARN_RANGE_LOOP_ANALYSIS = YES;
				CLANG_WARN_STRICT_PROTOTYPES = YES;
				CLANG_WARN_SUSPICIOUS_MOVE = YES;
				CLANG_WARN_UNGUARDED_AVAILABILITY = YES_AGGRESSIVE;
				CLANG_WARN_UNREACHABLE_CODE = YES;
				CLANG_WARN__DUPLICATE_METHOD_MATCH = YES;
				COPY_PHASE_STRIP = NO;
				DEBUG_INFORMATION_FORMAT = "dwarf-with-dsym";
				DEVELOPMENT_TEAM = J48UCV8X2N;
				ENABLE_NS_ASSERTIONS = NO;
				ENABLE_STRICT_OBJC_MSGSEND = YES;
				ENABLE_USER_SCRIPT_SANDBOXING = YES;
				GCC_C_LANGUAGE_STANDARD = gnu17;
				GCC_NO_COMMON_BLOCKS = YES;
				GCC_WARN_64_TO_32_BIT_CONVERSION = YES;
				GCC_WARN_ABOUT_RETURN_TYPE = YES_ERROR;
				GCC_WARN_UNDECLARED_SELECTOR = YES;
				GCC_WARN_UNINITIALIZED_AUTOS = YES_AGGRESSIVE;
				GCC_WARN_UNUSED_FUNCTION = YES;
				GCC_WARN_UNUSED_VARIABLE = YES;
				IPHONEOS_DEPLOYMENT_TARGET = 18.4;
				LOCALIZATION_PREFERS_STRING_CATALOGS = YES;
				MTL_ENABLE_DEBUG_INFO = NO;
				MTL_FAST_MATH = YES;
				SDKROOT = iphoneos;
				SWIFT_COMPILATION_MODE = wholemodule;
				VALIDATE_PRODUCT = YES;
			};
			name = Release;
		};
		8C654B682E2FCFE700C651DE /* Debug */ = {
			isa = XCBuildConfiguration;
			buildSettings = {
				ASSETCATALOG_COMPILER_APPICON_NAME = AppIcon;
				ASSETCATALOG_COMPILER_GLOBAL_ACCENT_COLOR_NAME = AccentColor;
				CODE_SIGN_STYLE = Automatic;
				CURRENT_PROJECT_VERSION = 1;
				DEVELOPMENT_TEAM = J48UCV8X2N;
				ENABLE_PREVIEWS = YES;
				GENERATE_INFOPLIST_FILE = YES;
				INFOPLIST_KEY_UIApplicationSceneManifest_Generation = YES;
				INFOPLIST_KEY_UIApplicationSupportsIndirectInputEvents = YES;
				INFOPLIST_KEY_UILaunchScreen_Generation = YES;
				INFOPLIST_KEY_UISupportedInterfaceOrientations_iPad = "UIInterfaceOrientationPortrait UIInterfaceOrientationPortraitUpsideDown UIInterfaceOrientationLandscapeLeft UIInterfaceOrientationLandscapeRight";
				INFOPLIST_KEY_UISupportedInterfaceOrientations_iPhone = "UIInterfaceOrientationPortrait UIInterfaceOrientationLandscapeLeft UIInterfaceOrientationLandscapeRight";
				LD_RUNPATH_SEARCH_PATHS = (
					"$(inherited)",
					"@executable_path/Frameworks",
				);
				MARKETING_VERSION = 1.0;
				PRODUCT_BUNDLE_IDENTIFIER = "lascade.masonry-layout";
				PRODUCT_NAME = "$(TARGET_NAME)";
				SWIFT_EMIT_LOC_STRINGS = YES;
				SWIFT_VERSION = 5.0;
				TARGETED_DEVICE_FAMILY = "1,2";
			};
			name = Debug;
		};
		8C654B692E2FCFE700C651DE /* Release */ = {
			isa = XCBuildConfiguration;
			buildSettings = {
				ASSETCATALOG_COMPILER_APPICON_NAME = AppIcon;
				ASSETCATALOG_COMPILER_GLOBAL_ACCENT_COLOR_NAME = AccentColor;
				CODE_SIGN_STYLE = Automatic;
				CURRENT_PROJECT_VERSION = 1;
				DEVELOPMENT_TEAM = J48UCV8X2N;
				ENABLE_PREVIEWS = YES;
				GENERATE_INFOPLIST_FILE = YES;
				INFOPLIST_KEY_UIApplicationSceneManifest_Generation = YES;
				INFOPLIST_KEY_UIApplicationSupportsIndirectInputEvents = YES;
				INFOPLIST_KEY_UILaunchScreen_Generation = YES;
				INFOPLIST_KEY_UISupportedInterfaceOrientations_iPad = "UIInterfaceOrientationPortrait UIInterfaceOrientationPortraitUpsideDown UIInterfaceOrientationLandscapeLeft UIInterfaceOrientationLandscapeRight";
				INFOPLIST_KEY_UISupportedInterfaceOrientations_iPhone = "UIInterfaceOrientationPortrait UIInterfaceOrientationLandscapeLeft UIInterfaceOrientationLandscapeRight";
				LD_RUNPATH_SEARCH_PATHS = (
					"$(inherited)",
					"@executable_path/Frameworks",
				);
				MARKETING_VERSION = 1.0;
				PRODUCT_BUNDLE_IDENTIFIER = "lascade.masonry-layout";
				PRODUCT_NAME = "$(TARGET_NAME)";
				SWIFT_EMIT_LOC_STRINGS = YES;
				SWIFT_VERSION = 5.0;
				TARGETED_DEVICE_FAMILY = "1,2";
			};
			name = Release;
		};
		8C654B6B2E2FCFE700C651DE /* Debug */ = {
			isa = XCBuildConfiguration;
			buildSettings = {
				BUNDLE_LOADER = "$(TEST_HOST)";
				CODE_SIGN_STYLE = Automatic;
				CURRENT_PROJECT_VERSION = 1;
				DEVELOPMENT_TEAM = J48UCV8X2N;
				GENERATE_INFOPLIST_FILE = YES;
				IPHONEOS_DEPLOYMENT_TARGET = 18.4;
				MARKETING_VERSION = 1.0;
				PRODUCT_BUNDLE_IDENTIFIER = "lascade.masonry-layoutTests";
				PRODUCT_NAME = "$(TARGET_NAME)";
				SWIFT_EMIT_LOC_STRINGS = NO;
				SWIFT_VERSION = 5.0;
				TARGETED_DEVICE_FAMILY = "1,2";
				TEST_HOST = "$(BUILT_PRODUCTS_DIR)/masonry layout.app/$(BUNDLE_EXECUTABLE_FOLDER_PATH)/masonry layout";
			};
			name = Debug;
		};
		8C654B6C2E2FCFE700C651DE /* Release */ = {
			isa = XCBuildConfiguration;
			buildSettings = {
				BUNDLE_LOADER = "$(TEST_HOST)";
				CODE_SIGN_STYLE = Automatic;
				CURRENT_PROJECT_VERSION = 1;
				DEVELOPMENT_TEAM = J48UCV8X2N;
				GENERATE_INFOPLIST_FILE = YES;
				IPHONEOS_DEPLOYMENT_TARGET = 18.4;
				MARKETING_VERSION = 1.0;
				PRODUCT_BUNDLE_IDENTIFIER = "lascade.masonry-layoutTests";
				PRODUCT_NAME = "$(TARGET_NAME)";
				SWIFT_EMIT_LOC_STRINGS = NO;
				SWIFT_VERSION = 5.0;
				TARGETED_DEVICE_FAMILY = "1,2";
				TEST_HOST = "$(BUILT_PRODUCTS_DIR)/masonry layout.app/$(BUNDLE_EXECUTABLE_FOLDER_PATH)/masonry layout";
			};
			name = Release;
		};
		8C654B6E2E2FCFE700C651DE /* Debug */ = {
			isa = XCBuildConfiguration;
			buildSettings = {
				CODE_SIGN_STYLE = Automatic;
				CURRENT_PROJECT_VERSION = 1;
				DEVELOPMENT_TEAM = J48UCV8X2N;
				GENERATE_INFOPLIST_FILE = YES;
				MARKETING_VERSION = 1.0;
				PRODUCT_BUNDLE_IDENTIFIER = "lascade.masonry-layoutUITests";
				PRODUCT_NAME = "$(TARGET_NAME)";
				SWIFT_EMIT_LOC_STRINGS = NO;
				SWIFT_VERSION = 5.0;
				TARGETED_DEVICE_FAMILY = "1,2";
				TEST_TARGET_NAME = "masonry layout";
			};
			name = Debug;
		};
		8C654B6F2E2FCFE700C651DE /* Release */ = {
			isa = XCBuildConfiguration;
			buildSettings = {
				CODE_SIGN_STYLE = Automatic;
				CURRENT_PROJECT_VERSION = 1;
				DEVELOPMENT_TEAM = J48UCV8X2N;
				GENERATE_INFOPLIST_FILE = YES;
				MARKETING_VERSION = 1.0;
				PRODUCT_BUNDLE_IDENTIFIER = "lascade.masonry-layoutUITests";
				PRODUCT_NAME = "$(TARGET_NAME)";
				SWIFT_EMIT_LOC_STRINGS = NO;
				SWIFT_VERSION = 5.0;
				TARGETED_DEVICE_FAMILY = "1,2";
				TEST_TARGET_NAME = "masonry layout";
			};
			name = Release;
		};
/* End XCBuildConfiguration section */

/* Begin XCConfigurationList section */
		8C654B412E2FCFE500C651DE /* Build configuration list for PBXProject "masonry layout" */ = {
			isa = XCConfigurationList;
			buildConfigurations = (
				8C654B652E2FCFE700C651DE /* Debug */,
				8C654B662E2FCFE700C651DE /* Release */,
			);
			defaultConfigurationIsVisible = 0;
			defaultConfigurationName = Release;
		};
		8C654B672E2FCFE700C651DE /* Build configuration list for PBXNativeTarget "masonry layout" */ = {
			isa = XCConfigurationList;
			buildConfigurations = (
				8C654B682E2FCFE700C651DE /* Debug */,
				8C654B692E2FCFE700C651DE /* Release */,
			);
			defaultConfigurationIsVisible = 0;
			defaultConfigurationName = Release;
		};
		8C654B6A2E2FCFE700C651DE /* Build configuration list for PBXNativeTarget "masonry layoutTests" */ = {
			isa = XCConfigurationList;
			buildConfigurations = (
				8C654B6B2E2FCFE700C651DE /* Debug */,
				8C654B6C2E2FCFE700C651DE /* Release */,
			);
			defaultConfigurationIsVisible = 0;
			defaultConfigurationName = Release;
		};
		8C654B6D2E2FCFE700C651DE /* Build configuration list for PBXNativeTarget "masonry layoutUITests" */ = {
			isa = XCConfigurationList;
			buildConfigurations = (
				8C654B6E2E2FCFE700C651DE /* Debug */,
				8C654B6F2E2FCFE700C651DE /* Release */,
			);
			defaultConfigurationIsVisible = 0;
			defaultConfigurationName = Release;
		};
/* End XCConfigurationList section */
	};
	rootObject = 8C654B3E2E2FCFE500C651DE /* Project object */;
}
